
Microsoft Visual Studio Solution File, Format Version 12.00
# Visual Studio Version 16
VisualStudioVersion = 16.0.30225.117
MinimumVisualStudioVersion = 10.0.40219.1
Project("{9A19103F-16F7-4668-BE54-9A1E7A4F7556}") = "IQTest.Data", "IQTest.Data\IQTest.Data.csproj", "{8151710B-8330-4782-9E56-28F8015ED32D}"
EndProject
Project("{9A19103F-16F7-4668-BE54-9A1E7A4F7556}") = "IQTest.Core", "IQTest.Core\IQTest.Core.csproj", "{5655E1B9-444B-4BC2-AA63-BC2DBD8CFB91}"
EndProject
Project("{FAE04EC0-301F-11D3-BF4B-00C04F79EFBC}") = "IQTest.Api", "IQTest.Api\IQTest.Api.csproj", "{0A698338-36C3-4F12-9C3A-8CC7393BDF3F}"
EndProject
Global
	GlobalSection(SolutionConfigurationPlatforms) = preSolution
		Debug|Any CPU = Debug|Any CPU
		Release|Any CPU = Release|Any CPU
	EndGlobalSection
	GlobalSection(ProjectConfigurationPlatforms) = postSolution
		{8151710B-8330-4782-9E56-28F8015ED32D}.Debug|Any CPU.ActiveCfg = Debug|Any CPU
		{8151710B-8330-4782-9E56-28F8015ED32D}.Debug|Any CPU.Build.0 = Debug|Any CPU
		{8151710B-8330-4782-9E56-28F8015ED32D}.Release|Any CPU.ActiveCfg = Release|Any CPU
		{8151710B-8330-4782-9E56-28F8015ED32D}.Release|Any CPU.Build.0 = Release|Any CPU
		{5655E1B9-444B-4BC2-AA63-BC2DBD8CFB91}.Debug|Any CPU.ActiveCfg = Debug|Any CPU
		{5655E1B9-444B-4BC2-AA63-BC2DBD8CFB91}.Debug|Any CPU.Build.0 = Debug|Any CPU
		{5655E1B9-444B-4BC2-AA63-BC2DBD8CFB91}.Release|Any CPU.ActiveCfg = Release|Any CPU
		{5655E1B9-444B-4BC2-AA63-BC2DBD8CFB91}.Release|Any CPU.Build.0 = Release|Any CPU
		{0A698338-36C3-4F12-9C3A-8CC7393BDF3F}.Debug|Any CPU.ActiveCfg = Debug|Any CPU
		{0A698338-36C3-4F12-9C3A-8CC7393BDF3F}.Debug|Any CPU.Build.0 = Debug|Any CPU
		{0A698338-36C3-4F12-9C3A-8CC7393BDF3F}.Release|Any CPU.ActiveCfg = Release|Any CPU
		{0A698338-36C3-4F12-9C3A-8CC7393BDF3F}.Release|Any CPU.Build.0 = Release|Any CPU
	EndGlobalSection
	GlobalSection(SolutionProperties) = preSolution
		HideSolutionNode = FALSE
	EndGlobalSection
	GlobalSection(ExtensibilityGlobals) = postSolution
		SolutionGuid = {E3C0D2EE-2FF0-4D5B-AD74-57AE1D851979}
	EndGlobalSection
EndGlobal
